{
  "object": {
    "pins": [
      {
        "package": "SwiftLibMixedStyle",
        "repositoryURL": "/Users/watsuzuk/XcodeProjects/Study-MixedStyle-CocoaPods-Swift",
        "state": {
          "branch": null,
          "revision": "51ba508ab381a2bdc203ff692878ef0ec8878992",
          "version": "0.0.3"
        }
      }
    ]
  },
  "version": 1
}
